{
  "name": "svg-maps",
  "version": "1.0.0",
  "lockfileVersion": 1,
  "requires": true,
  "dependencies": {
    "clean-deep": {
      "version": "3.0.2",
      "resolved": "https://registry.npmjs.org/clean-deep/-/clean-deep-3.0.2.tgz",
      "integrity": "sha512-sLUtFxYtHc3jM9pmwyYXOLln0nnQ1OhFrefQ7nqUlva1crHDbi4gVO+nnMSm5jztFXIRDMt+kMNh0mOscbARow==",
      "requires": {
        "lodash.isempty": "^4.4.0",
        "lodash.isplainobject": "^4.0.6",
        "lodash.transform": "^4.6.0"
      }
    },
    "deep-rename-keys": {
      "version": "0.2.1",
      "resolved": "https://registry.npmjs.org/deep-rename-keys/-/deep-rename-keys-0.2.1.tgz",
      "integrity": "sha1-7eeFN9emaivmFRfir5Vtf1ij8dg=",
      "requires": {
        "kind-of": "^3.0.2",
        "rename-keys": "^1.1.2"
      }
    },
    "eventemitter3": {
      "version": "2.0.3",
      "resolved": "https://registry.npmjs.org/eventemitter3/-/eventemitter3-2.0.3.tgz",
      "integrity": "sha1-teEHm1n7XhuidxwKmTvgYKWMmbo="
    },
    "get-value": {
      "version": "2.0.6",
      "resolved": "https://registry.npmjs.org/get-value/-/get-value-2.0.6.tgz",
      "integrity": "sha1-3BXKHGcjh8p2vTesCjlbogQqLCg="
    },
    "has-value": {
      "version": "0.3.1",
      "resolved": "https://registry.npmjs.org/has-value/-/has-value-0.3.1.tgz",
      "integrity": "sha1-ex9YutpiyoJ+wKIHgCVlSEWZXh8=",
      "requires": {
        "get-value": "^2.0.3",
        "has-values": "^0.1.4",
        "isobject": "^2.0.0"
      },
      "dependencies": {
        "isobject": {
          "version": "2.1.0",
          "resolved": "https://registry.npmjs.org/isobject/-/isobject-2.1.0.tgz",
          "integrity": "sha1-8GVWEJaj8dou9GJy+BXIQNh+DIk=",
          "requires": {
            "isarray": "1.0.0"
          }
        }
      }
    },
    "has-values": {
      "version": "0.1.4",
      "resolved": "https://registry.npmjs.org/has-values/-/has-values-0.1.4.tgz",
      "integrity": "sha1-bWHeldkd/Km5oCCJrThL/49it3E="
    },
    "is-buffer": {
      "version": "1.1.6",
      "resolved": "https://registry.npmjs.org/is-buffer/-/is-buffer-1.1.6.tgz",
      "integrity": "sha512-NcdALwpXkTm5Zvvbk7owOUSvVvBKDgKP5/ewfXEznmQFfs4ZRmanOeKBTjRVjka3QFoN6XJ+9F3USqfHqTaU5w=="
    },
    "is-plain-object": {
      "version": "2.0.4",
      "resolved": "https://registry.npmjs.org/is-plain-object/-/is-plain-object-2.0.4.tgz",
      "integrity": "sha512-h5PpgXkWitc38BBMYawTYMWJHFZJVnBquFE57xFpjB8pJFiF6gZ+bU+WyI/yqXiFR5mdLsgYNaPe8uao6Uv9Og==",
      "requires": {
        "isobject": "^3.0.1"
      }
    },
    "isarray": {
      "version": "1.0.0",
      "resolved": "https://registry.npmjs.org/isarray/-/isarray-1.0.0.tgz",
      "integrity": "sha1-u5NdSFgsuhaMBoNJV6VKPgcSTxE="
    },
    "isobject": {
      "version": "3.0.1",
      "resolved": "https://registry.npmjs.org/isobject/-/isobject-3.0.1.tgz",
      "integrity": "sha1-TkMekrEalzFjaqH5yNHMvP2reN8="
    },
    "kind-of": {
      "version": "3.2.2",
      "resolved": "https://registry.npmjs.org/kind-of/-/kind-of-3.2.2.tgz",
      "integrity": "sha1-MeohpzS6ubuw8yRm2JOupR5KPGQ=",
      "requires": {
        "is-buffer": "^1.1.5"
      }
    },
    "lodash.isempty": {
      "version": "4.4.0",
      "resolved": "https://registry.npmjs.org/lodash.isempty/-/lodash.isempty-4.4.0.tgz",
      "integrity": "sha1-b4bL7di+TsmHvpqvM8loTbGzHn4="
    },
    "lodash.isplainobject": {
      "version": "4.0.6",
      "resolved": "https://registry.npmjs.org/lodash.isplainobject/-/lodash.isplainobject-4.0.6.tgz",
      "integrity": "sha1-fFJqUtibRcRcxpC4gWO+BJf1UMs="
    },
    "lodash.transform": {
      "version": "4.6.0",
      "resolved": "https://registry.npmjs.org/lodash.transform/-/lodash.transform-4.6.0.tgz",
      "integrity": "sha1-EjBkIvYzJK7YSD0/ODMrX2cFR6A="
    },
    "omit-deep": {
      "version": "0.3.0",
      "resolved": "https://registry.npmjs.org/omit-deep/-/omit-deep-0.3.0.tgz",
      "integrity": "sha1-IcivNJm8rdKWUaIyy8rLxSRF6+w=",
      "requires": {
        "is-plain-object": "^2.0.1",
        "unset-value": "^0.1.1"
      }
    },
    "rename-keys": {
      "version": "1.2.0",
      "resolved": "https://registry.npmjs.org/rename-keys/-/rename-keys-1.2.0.tgz",
      "integrity": "sha512-U7XpAktpbSgHTRSNRrjKSrjYkZKuhUukfoBlXWXUExCAqhzh1TU3BDRAfJmarcl5voKS+pbKU9MvyLWKZ4UEEg=="
    },
    "svgson": {
      "version": "3.1.0",
      "resolved": "https://registry.npmjs.org/svgson/-/svgson-3.1.0.tgz",
      "integrity": "sha512-7DbA8d02COOjp+BACdxrPJNaIrlKROhNloktJF6lbeVz4syVLAKv8ViwHScwXK0RSLeTFND4OuJFpRlrdoqRuw==",
      "requires": {
        "clean-deep": "3.0.2",
        "deep-rename-keys": "^0.2.1",
        "omit-deep": "0.3.0",
        "xml-reader": "2.4.3"
      }
    },
    "unset-value": {
      "version": "0.1.2",
      "resolved": "https://registry.npmjs.org/unset-value/-/unset-value-0.1.2.tgz",
      "integrity": "sha1-UGgQuGfyfCpabpsEgzYx9t5Y0xA=",
      "requires": {
        "has-value": "^0.3.1",
        "isobject": "^3.0.0"
      }
    },
    "xml-lexer": {
      "version": "0.2.2",
      "resolved": "https://registry.npmjs.org/xml-lexer/-/xml-lexer-0.2.2.tgz",
      "integrity": "sha1-UYGTpKozTVj8fSSLVJB5uJkH4EY=",
      "requires": {
        "eventemitter3": "^2.0.0"
      }
    },
    "xml-reader": {
      "version": "2.4.3",
      "resolved": "https://registry.npmjs.org/xml-reader/-/xml-reader-2.4.3.tgz",
      "integrity": "sha1-n4EMr3xCWlqvuEixxFEDyecddTA=",
      "requires": {
        "eventemitter3": "^2.0.0",
        "xml-lexer": "^0.2.2"
      }
    }
  }
}
